
Microsoft Visual Studio Solution File, Format Version 12.00
# Visual Studio 14
VisualStudioVersion = 14.0.25420.1
MinimumVisualStudioVersion = 10.0.40219.1
Project("{8BC9CEB8-8B4A-11D0-8D11-00A0C91BC942}") = "Hello World", "Hello World\Hello World.vcxproj", "{D46E5A78-B57F-4E82-957E-09F5C46CA497}"
EndProject
Project("{FAE04EC0-301F-11D3-BF4B-00C04F79EFBC}") = "Hello Tol", "Hello Tol\Hello Tol.csproj", "{D478E98C-A587-488A-BB74-C012366142D1}"
EndProject
Global
	GlobalSection(SolutionConfigurationPlatforms) = preSolution
		Debug|Any CPU = Debug|Any CPU
		Debug|x64 = Debug|x64
		Debug|x86 = Debug|x86
		Release|Any CPU = Release|Any CPU
		Release|x64 = Release|x64
		Release|x86 = Release|x86
	EndGlobalSection
	GlobalSection(ProjectConfigurationPlatforms) = postSolution
		{D46E5A78-B57F-4E82-957E-09F5C46CA497}.Debug|Any CPU.ActiveCfg = Debug|Win32
		{D46E5A78-B57F-4E82-957E-09F5C46CA497}.Debug|x64.ActiveCfg = Debug|x64
		{D46E5A78-B57F-4E82-957E-09F5C46CA497}.Debug|x64.Build.0 = Debug|x64
		{D46E5A78-B57F-4E82-957E-09F5C46CA497}.Debug|x86.ActiveCfg = Debug|Win32
		{D46E5A78-B57F-4E82-957E-09F5C46CA497}.Debug|x86.Build.0 = Debug|Win32
		{D46E5A78-B57F-4E82-957E-09F5C46CA497}.Release|Any CPU.ActiveCfg = Release|Win32
		{D46E5A78-B57F-4E82-957E-09F5C46CA497}.Release|x64.ActiveCfg = Release|x64
		{D46E5A78-B57F-4E82-957E-09F5C46CA497}.Release|x64.Build.0 = Release|x64
		{D46E5A78-B57F-4E82-957E-09F5C46CA497}.Release|x86.ActiveCfg = Release|Win32
		{D46E5A78-B57F-4E82-957E-09F5C46CA497}.Release|x86.Build.0 = Release|Win32
		{D478E98C-A587-488A-BB74-C012366142D1}.Debug|Any CPU.ActiveCfg = Debug|Any CPU
		{D478E98C-A587-488A-BB74-C012366142D1}.Debug|Any CPU.Build.0 = Debug|Any CPU
		{D478E98C-A587-488A-BB74-C012366142D1}.Debug|x64.ActiveCfg = Debug|Any CPU
		{D478E98C-A587-488A-BB74-C012366142D1}.Debug|x64.Build.0 = Debug|Any CPU
		{D478E98C-A587-488A-BB74-C012366142D1}.Debug|x86.ActiveCfg = Debug|Any CPU
		{D478E98C-A587-488A-BB74-C012366142D1}.Debug|x86.Build.0 = Debug|Any CPU
		{D478E98C-A587-488A-BB74-C012366142D1}.Release|Any CPU.ActiveCfg = Release|Any CPU
		{D478E98C-A587-488A-BB74-C012366142D1}.Release|Any CPU.Build.0 = Release|Any CPU
		{D478E98C-A587-488A-BB74-C012366142D1}.Release|x64.ActiveCfg = Release|Any CPU
		{D478E98C-A587-488A-BB74-C012366142D1}.Release|x64.Build.0 = Release|Any CPU
		{D478E98C-A587-488A-BB74-C012366142D1}.Release|x86.ActiveCfg = Release|Any CPU
		{D478E98C-A587-488A-BB74-C012366142D1}.Release|x86.Build.0 = Release|Any CPU
	EndGlobalSection
	GlobalSection(SolutionProperties) = preSolution
		HideSolutionNode = FALSE
	EndGlobalSection
EndGlobal
